// !$*UTF8*$!
{
	archiveVersion = 1;
	classes = {
	};
	objectVersion = 77;
	objects = {

/* Begin PBXBuildFile section */
		436FB2A12F462570000DA0A6 /* AppDelegate.swift in Sources */ = {isa = PBXBuildFile; fileRef = 436FB2A02F462570000DA0A6 /* AppDelegate.swift */; };
		436FB2A52F462570000DA0A6 /* Main.html in Resources */ = {isa = PBXBuildFile; fileRef = 436FB2A32F462570000DA0A6 /* Main.html */; };
		436FB2A72F462570000DA0A6 /* Icon.png in Resources */ = {isa = PBXBuildFile; fileRef = 436FB2A62F462570000DA0A6 /* Icon.png */; };
		436FB2A92F462570000DA0A6 /* Style.css in Resources */ = {isa = PBXBuildFile; fileRef = 436FB2A82F462570000DA0A6 /* Style.css */; };
		436FB2AB2F462570000DA0A6 /* Script.js in Resources */ = {isa = PBXBuildFile; fileRef = 436FB2AA2F462570000DA0A6 /* Script.js */; };
		436FB2AD2F462570000DA0A6 /* ViewController.swift in Sources */ = {isa = PBXBuildFile; fileRef = 436FB2AC2F462570000DA0A6 /* ViewController.swift */; };
		436FB2B02F462570000DA0A6 /* Main.storyboard in Resources */ = {isa = PBXBuildFile; fileRef = 436FB2AE2F462570000DA0A6 /* Main.storyboard */; };
		436FB2B22F462573000DA0A6 /* Assets.xcassets in Resources */ = {isa = PBXBuildFile; fileRef = 436FB2B12F462573000DA0A6 /* Assets.xcassets */; };
		436FB2B92F462573000DA0A6 /* Competitive Companion Extension.appex in Embed Foundation Extensions */ = {isa = PBXBuildFile; fileRef = 436FB2B82F462573000DA0A6 /* Competitive Companion Extension.appex */; settings = {ATTRIBUTES = (RemoveHeadersOnCopy, ); }; };
		436FB2BE2F462573000DA0A6 /* SafariWebExtensionHandler.swift in Sources */ = {isa = PBXBuildFile; fileRef = 436FB2BD2F462573000DA0A6 /* SafariWebExtensionHandler.swift */; };
		436FB2CF2F462575000DA0A6 /* LICENSE in Resources */ = {isa = PBXBuildFile; fileRef = 436FB2CA2F462575000DA0A6 /* LICENSE */; };
		436FB2D02F462575000DA0A6 /* js in Resources */ = {isa = PBXBuildFile; fileRef = 436FB2CB2F462575000DA0A6 /* js */; };
		436FB2D12F462575000DA0A6 /* icons in Resources */ = {isa = PBXBuildFile; fileRef = 436FB2CC2F462575000DA0A6 /* icons */; };
		436FB2D22F462575000DA0A6 /* manifest.json in Resources */ = {isa = PBXBuildFile; fileRef = 436FB2CD2F462575000DA0A6 /* manifest.json */; };
		436FB2D32F462575000DA0A6 /* options.html in Resources */ = {isa = PBXBuildFile; fileRef = 436FB2CE2F462575000DA0A6 /* options.html */; };
/* End PBXBuildFile section */

/* Begin PBXContainerItemProxy section */
		436FB2BA2F462573000DA0A6 /* PBXContainerItemProxy */ = {
			isa = PBXContainerItemProxy;
			containerPortal = 436FB2952F462570000DA0A6 /* Project object */;
			proxyType = 1;
			remoteGlobalIDString = 436FB2B72F462573000DA0A6;
			remoteInfo = "Competitive Companion Extension";
		};
/* End PBXContainerItemProxy section */

/* Begin PBXCopyFilesBuildPhase section */
		436FB2C52F462573000DA0A6 /* Embed Foundation Extensions */ = {
			isa = PBXCopyFilesBuildPhase;
			buildActionMask = 2147483647;
			dstPath = "";
			dstSubfolderSpec = 13;
			files = (
				436FB2B92F462573000DA0A6 /* Competitive Companion Extension.appex in Embed Foundation Extensions */,
			);
			name = "Embed Foundation Extensions";
			runOnlyForDeploymentPostprocessing = 0;
		};
/* End PBXCopyFilesBuildPhase section */

/* Begin PBXFileReference section */
		436FB29D2F462570000DA0A6 /* Competitive Companion.app */ = {isa = PBXFileReference; explicitFileType = wrapper.application; includeInIndex = 0; path = "Competitive Companion.app"; sourceTree = BUILT_PRODUCTS_DIR; };
		436FB2A02F462570000DA0A6 /* AppDelegate.swift */ = {isa = PBXFileReference; lastKnownFileType = sourcecode.swift; path = AppDelegate.swift; sourceTree = "<group>"; };
		436FB2A42F462570000DA0A6 /* Base */ = {isa = PBXFileReference; lastKnownFileType = text.html; name = Base; path = Base.lproj/Main.html; sourceTree = "<group>"; };
		436FB2A62F462570000DA0A6 /* Icon.png */ = {isa = PBXFileReference; lastKnownFileType = image.png; path = Icon.png; sourceTree = "<group>"; };
		436FB2A82F462570000DA0A6 /* Style.css */ = {isa = PBXFileReference; lastKnownFileType = text.css; path = Style.css; sourceTree = "<group>"; };
		436FB2AA2F462570000DA0A6 /* Script.js */ = {isa = PBXFileReference; lastKnownFileType = sourcecode.javascript; path = Script.js; sourceTree = "<group>"; };
		436FB2AC2F462570000DA0A6 /* ViewController.swift */ = {isa = PBXFileReference; lastKnownFileType = sourcecode.swift; path = ViewController.swift; sourceTree = "<group>"; };
		436FB2AF2F462570000DA0A6 /* Base */ = {isa = PBXFileReference; lastKnownFileType = file.storyboard; name = Base; path = Base.lproj/Main.storyboard; sourceTree = "<group>"; };
		436FB2B12F462573000DA0A6 /* Assets.xcassets */ = {isa = PBXFileReference; lastKnownFileType = folder.assetcatalog; path = Assets.xcassets; sourceTree = "<group>"; };
		436FB2B32F462573000DA0A6 /* Info.plist */ = {isa = PBXFileReference; lastKnownFileType = text.plist.xml; path = Info.plist; sourceTree = "<group>"; };
		436FB2B82F462573000DA0A6 /* Competitive Companion Extension.appex */ = {isa = PBXFileReference; explicitFileType = "wrapper.app-extension"; includeInIndex = 0; path = "Competitive Companion Extension.appex"; sourceTree = BUILT_PRODUCTS_DIR; };
		436FB2BD2F462573000DA0A6 /* SafariWebExtensionHandler.swift */ = {isa = PBXFileReference; lastKnownFileType = sourcecode.swift; path = SafariWebExtensionHandler.swift; sourceTree = "<group>"; };
		436FB2BF2F462573000DA0A6 /* Info.plist */ = {isa = PBXFileReference; lastKnownFileType = text.plist.xml; path = Info.plist; sourceTree = "<group>"; };
		436FB2CA2F462575000DA0A6 /* LICENSE */ = {isa = PBXFileReference; lastKnownFileType = text; name = LICENSE; path = "../../../build-safari/LICENSE"; sourceTree = "<group>"; };
		436FB2CB2F462575000DA0A6 /* js */ = {isa = PBXFileReference; lastKnownFileType = folder; name = js; path = "../../../build-safari/js"; sourceTree = "<group>"; };
		436FB2CC2F462575000DA0A6 /* icons */ = {isa = PBXFileReference; lastKnownFileType = folder; name = icons; path = "../../../build-safari/icons"; sourceTree = "<group>"; };
		436FB2CD2F462575000DA0A6 /* manifest.json */ = {isa = PBXFileReference; lastKnownFileType = text.json; name = manifest.json; path = "../../../build-safari/manifest.json"; sourceTree = "<group>"; };
		436FB2CE2F462575000DA0A6 /* options.html */ = {isa = PBXFileReference; lastKnownFileType = text.html; name = options.html; path = "../../../build-safari/options.html"; sourceTree = "<group>"; };
/* End PBXFileReference section */

/* Begin PBXFrameworksBuildPhase section */
		436FB29A2F462570000DA0A6 /* Frameworks */ = {
			isa = PBXFrameworksBuildPhase;
			buildActionMask = 2147483647;
			files = (
			);
			runOnlyForDeploymentPostprocessing = 0;
		};
		436FB2B52F462573000DA0A6 /* Frameworks */ = {
			isa = PBXFrameworksBuildPhase;
			buildActionMask = 2147483647;
			files = (
			);
			runOnlyForDeploymentPostprocessing = 0;
		};
/* End PBXFrameworksBuildPhase section */

/* Begin PBXGroup section */
		436FB2942F462570000DA0A6 = {
			isa = PBXGroup;
			children = (
				436FB29F2F462570000DA0A6 /* Competitive Companion */,
				436FB2BC2F462573000DA0A6 /* Competitive Companion Extension */,
				436FB29E2F462570000DA0A6 /* Products */,
			);
			sourceTree = "<group>";
		};
		436FB29E2F462570000DA0A6 /* Products */ = {
			isa = PBXGroup;
			children = (
				436FB29D2F462570000DA0A6 /* Competitive Companion.app */,
				436FB2B82F462573000DA0A6 /* Competitive Companion Extension.appex */,
			);
			name = Products;
			sourceTree = "<group>";
		};
		436FB29F2F462570000DA0A6 /* Competitive Companion */ = {
			isa = PBXGroup;
			children = (
				436FB2A02F462570000DA0A6 /* AppDelegate.swift */,
				436FB2AC2F462570000DA0A6 /* ViewController.swift */,
				436FB2AE2F462570000DA0A6 /* Main.storyboard */,
				436FB2B12F462573000DA0A6 /* Assets.xcassets */,
				436FB2B32F462573000DA0A6 /* Info.plist */,
				436FB2A22F462570000DA0A6 /* Resources */,
			);
			path = "Competitive Companion";
			sourceTree = "<group>";
		};
		436FB2A22F462570000DA0A6 /* Resources */ = {
			isa = PBXGroup;
			children = (
				436FB2A32F462570000DA0A6 /* Main.html */,
				436FB2A62F462570000DA0A6 /* Icon.png */,
				436FB2A82F462570000DA0A6 /* Style.css */,
				436FB2AA2F462570000DA0A6 /* Script.js */,
			);
			path = Resources;
			sourceTree = "<group>";
		};
		436FB2BC2F462573000DA0A6 /* Competitive Companion Extension */ = {
			isa = PBXGroup;
			children = (
				436FB2C92F462575000DA0A6 /* Resources */,
				436FB2BD2F462573000DA0A6 /* SafariWebExtensionHandler.swift */,
				436FB2BF2F462573000DA0A6 /* Info.plist */,
			);
			path = "Competitive Companion Extension";
			sourceTree = "<group>";
		};
		436FB2C92F462575000DA0A6 /* Resources */ = {
			isa = PBXGroup;
			children = (
				436FB2CA2F462575000DA0A6 /* LICENSE */,
				436FB2CB2F462575000DA0A6 /* js */,
				436FB2CC2F462575000DA0A6 /* icons */,
				436FB2CD2F462575000DA0A6 /* manifest.json */,
				436FB2CE2F462575000DA0A6 /* options.html */,
			);
			name = Resources;
			path = "Competitive Companion Extension";
			sourceTree = SOURCE_ROOT;
		};
/* End PBXGroup section */

/* Begin PBXNativeTarget section */
		436FB29C2F462570000DA0A6 /* Competitive Companion */ = {
			isa = PBXNativeTarget;
			buildConfigurationList = 436FB2C62F462573000DA0A6 /* Build configuration list for PBXNativeTarget "Competitive Companion" */;
			buildPhases = (
				436FB2992F462570000DA0A6 /* Sources */,
				436FB29A2F462570000DA0A6 /* Frameworks */,
				436FB29B2F462570000DA0A6 /* Resources */,
				436FB2C52F462573000DA0A6 /* Embed Foundation Extensions */,
			);
			buildRules = (
			);
			dependencies = (
				436FB2BB2F462573000DA0A6 /* PBXTargetDependency */,
			);
			name = "Competitive Companion";
			packageProductDependencies = (
			);
			productName = "Competitive Companion";
			productReference = 436FB29D2F462570000DA0A6 /* Competitive Companion.app */;
			productType = "com.apple.product-type.application";
		};
		436FB2B72F462573000DA0A6 /* Competitive Companion Extension */ = {
			isa = PBXNativeTarget;
			buildConfigurationList = 436FB2C22F462573000DA0A6 /* Build configuration list for PBXNativeTarget "Competitive Companion Extension" */;
			buildPhases = (
				436FB2B42F462573000DA0A6 /* Sources */,
				436FB2B52F462573000DA0A6 /* Frameworks */,
				436FB2B62F462573000DA0A6 /* Resources */,
			);
			buildRules = (
			);
			dependencies = (
			);
			name = "Competitive Companion Extension";
			packageProductDependencies = (
			);
			productName = "Competitive Companion Extension";
			productReference = 436FB2B82F462573000DA0A6 /* Competitive Companion Extension.appex */;
			productType = "com.apple.product-type.app-extension";
		};
/* End PBXNativeTarget section */

/* Begin PBXProject section */
		436FB2952F462570000DA0A6 /* Project object */ = {
			isa = PBXProject;
			attributes = {
				BuildIndependentTargetsInParallel = 1;
				LastSwiftUpdateCheck = 2620;
				LastUpgradeCheck = 2620;
				TargetAttributes = {
					436FB29C2F462570000DA0A6 = {
						CreatedOnToolsVersion = 26.2;
					};
					436FB2B72F462573000DA0A6 = {
						CreatedOnToolsVersion = 26.2;
					};
				};
			};
			buildConfigurationList = 436FB2982F462570000DA0A6 /* Build configuration list for PBXProject "Competitive Companion" */;
			developmentRegion = en;
			hasScannedForEncodings = 0;
			knownRegions = (
				en,
				Base,
			);
			mainGroup = 436FB2942F462570000DA0A6;
			minimizedProjectReferenceProxies = 1;
			preferredProjectObjectVersion = 77;
			productRefGroup = 436FB29E2F462570000DA0A6 /* Products */;
			projectDirPath = "";
			projectRoot = "";
			targets = (
				436FB29C2F462570000DA0A6 /* Competitive Companion */,
				436FB2B72F462573000DA0A6 /* Competitive Companion Extension */,
			);
		};
/* End PBXProject section */

/* Begin PBXResourcesBuildPhase section */
		436FB29B2F462570000DA0A6 /* Resources */ = {
			isa = PBXResourcesBuildPhase;
			buildActionMask = 2147483647;
			files = (
				436FB2A72F462570000DA0A6 /* Icon.png in Resources */,
				436FB2B02F462570000DA0A6 /* Main.storyboard in Resources */,
				436FB2AB2F462570000DA0A6 /* Script.js in Resources */,
				436FB2A52F462570000DA0A6 /* Main.html in Resources */,
				436FB2B22F462573000DA0A6 /* Assets.xcassets in Resources */,
				436FB2A92F462570000DA0A6 /* Style.css in Resources */,
			);
			runOnlyForDeploymentPostprocessing = 0;
		};
		436FB2B62F462573000DA0A6 /* Resources */ = {
			isa = PBXResourcesBuildPhase;
			buildActionMask = 2147483647;
			files = (
				436FB2D22F462575000DA0A6 /* manifest.json in Resources */,
				436FB2D12F462575000DA0A6 /* icons in Resources */,
				436FB2D32F462575000DA0A6 /* options.html in Resources */,
				436FB2CF2F462575000DA0A6 /* LICENSE in Resources */,
				436FB2D02F462575000DA0A6 /* js in Resources */,
			);
			runOnlyForDeploymentPostprocessing = 0;
		};
/* End PBXResourcesBuildPhase section */

/* Begin PBXSourcesBuildPhase section */
		436FB2992F462570000DA0A6 /* Sources */ = {
			isa = PBXSourcesBuildPhase;
			buildActionMask = 2147483647;
			files = (
				436FB2AD2F462570000DA0A6 /* ViewController.swift in Sources */,
				436FB2A12F462570000DA0A6 /* AppDelegate.swift in Sources */,
			);
			runOnlyForDeploymentPostprocessing = 0;
		};
		436FB2B42F462573000DA0A6 /* Sources */ = {
			isa = PBXSourcesBuildPhase;
			buildActionMask = 2147483647;
			files = (
				436FB2BE2F462573000DA0A6 /* SafariWebExtensionHandler.swift in Sources */,
			);
			runOnlyForDeploymentPostprocessing = 0;
		};
/* End PBXSourcesBuildPhase section */

/* Begin PBXTargetDependency section */
		436FB2BB2F462573000DA0A6 /* PBXTargetDependency */ = {
			isa = PBXTargetDependency;
			target = 436FB2B72F462573000DA0A6 /* Competitive Companion Extension */;
			targetProxy = 436FB2BA2F462573000DA0A6 /* PBXContainerItemProxy */;
		};
/* End PBXTargetDependency section */

/* Begin PBXVariantGroup section */
		436FB2A32F462570000DA0A6 /* Main.html */ = {
			isa = PBXVariantGroup;
			children = (
				436FB2A42F462570000DA0A6 /* Base */,
			);
			name = Main.html;
			sourceTree = "<group>";
		};
		436FB2AE2F462570000DA0A6 /* Main.storyboard */ = {
			isa = PBXVariantGroup;
			children = (
				436FB2AF2F462570000DA0A6 /* Base */,
			);
			name = Main.storyboard;
			sourceTree = "<group>";
		};
/* End PBXVariantGroup section */

/* Begin XCBuildConfiguration section */
		436FB2C02F462573000DA0A6 /* Debug */ = {
			isa = XCBuildConfiguration;
			buildSettings = {
				ALWAYS_SEARCH_USER_PATHS = NO;
				ASSETCATALOG_COMPILER_GENERATE_SWIFT_ASSET_SYMBOL_EXTENSIONS = YES;
				CLANG_ANALYZER_NONNULL = YES;
				CLANG_ANALYZER_NUMBER_OBJECT_CONVERSION = YES_AGGRESSIVE;
				CLANG_CXX_LANGUAGE_STANDARD = "gnu++20";
				CLANG_ENABLE_MODULES = YES;
				CLANG_ENABLE_OBJC_ARC = YES;
				CLANG_ENABLE_OBJC_WEAK = YES;
				CLANG_WARN_BLOCK_CAPTURE_AUTORELEASING = YES;
				CLANG_WARN_BOOL_CONVERSION = YES;
				CLANG_WARN_COMMA = YES;
				CLANG_WARN_CONSTANT_CONVERSION = YES;
				CLANG_WARN_DEPRECATED_OBJC_IMPLEMENTATIONS = YES;
				CLANG_WARN_DIRECT_OBJC_ISA_USAGE = YES_ERROR;
				CLANG_WARN_DOCUMENTATION_COMMENTS = YES;
				CLANG_WARN_EMPTY_BODY = YES;
				CLANG_WARN_ENUM_CONVERSION = YES;
				CLANG_WARN_INFINITE_RECURSION = YES;
				CLANG_WARN_INT_CONVERSION = YES;
				CLANG_WARN_NON_LITERAL_NULL_CONVERSION = YES;
				CLANG_WARN_OBJC_IMPLICIT_RETAIN_SELF = YES;
				CLANG_WARN_OBJC_LITERAL_CONVERSION = YES;
				CLANG_WARN_OBJC_ROOT_CLASS = YES_ERROR;
				CLANG_WARN_QUOTED_INCLUDE_IN_FRAMEWORK_HEADER = YES;
				CLANG_WARN_RANGE_LOOP_ANALYSIS = YES;
				CLANG_WARN_STRICT_PROTOTYPES = YES;
				CLANG_WARN_SUSPICIOUS_MOVE = YES;
				CLANG_WARN_UNGUARDED_AVAILABILITY = YES_AGGRESSIVE;
				CLANG_WARN_UNREACHABLE_CODE = YES;
				CLANG_WARN__DUPLICATE_METHOD_MATCH = YES;
				COPY_PHASE_STRIP = NO;
				DEBUG_INFORMATION_FORMAT = dwarf;
				ENABLE_STRICT_OBJC_MSGSEND = YES;
				ENABLE_TESTABILITY = YES;
				ENABLE_USER_SCRIPT_SANDBOXING = YES;
				GCC_C_LANGUAGE_STANDARD = gnu17;
				GCC_DYNAMIC_NO_PIC = NO;
				GCC_NO_COMMON_BLOCKS = YES;
				GCC_OPTIMIZATION_LEVEL = 0;
				GCC_PREPROCESSOR_DEFINITIONS = (
					"DEBUG=1",
					"$(inherited)",
				);
				GCC_WARN_64_TO_32_BIT_CONVERSION = YES;
				GCC_WARN_ABOUT_RETURN_TYPE = YES_ERROR;
				GCC_WARN_UNDECLARED_SELECTOR = YES;
				GCC_WARN_UNINITIALIZED_AUTOS = YES_AGGRESSIVE;
				GCC_WARN_UNUSED_FUNCTION = YES;
				GCC_WARN_UNUSED_VARIABLE = YES;
				LOCALIZATION_PREFERS_STRING_CATALOGS = YES;
				MACOSX_DEPLOYMENT_TARGET = 15.7;
				MTL_ENABLE_DEBUG_INFO = INCLUDE_SOURCE;
				MTL_FAST_MATH = YES;
				ONLY_ACTIVE_ARCH = YES;
				SDKROOT = macosx;
				SWIFT_ACTIVE_COMPILATION_CONDITIONS = "DEBUG $(inherited)";
				SWIFT_OPTIMIZATION_LEVEL = "-Onone";
			};
			name = Debug;
		};
		436FB2C12F462573000DA0A6 /* Release */ = {
			isa = XCBuildConfiguration;
			buildSettings = {
				ALWAYS_SEARCH_USER_PATHS = NO;
				ASSETCATALOG_COMPILER_GENERATE_SWIFT_ASSET_SYMBOL_EXTENSIONS = YES;
				CLANG_ANALYZER_NONNULL = YES;
				CLANG_ANALYZER_NUMBER_OBJECT_CONVERSION = YES_AGGRESSIVE;
				CLANG_CXX_LANGUAGE_STANDARD = "gnu++20";
				CLANG_ENABLE_MODULES = YES;
				CLANG_ENABLE_OBJC_ARC = YES;
				CLANG_ENABLE_OBJC_WEAK = YES;
				CLANG_WARN_BLOCK_CAPTURE_AUTORELEASING = YES;
				CLANG_WARN_BOOL_CONVERSION = YES;
				CLANG_WARN_COMMA = YES;
				CLANG_WARN_CONSTANT_CONVERSION = YES;
				CLANG_WARN_DEPRECATED_OBJC_IMPLEMENTATIONS = YES;
				CLANG_WARN_DIRECT_OBJC_ISA_USAGE = YES_ERROR;
				CLANG_WARN_DOCUMENTATION_COMMENTS = YES;
				CLANG_WARN_EMPTY_BODY = YES;
				CLANG_WARN_ENUM_CONVERSION = YES;
				CLANG_WARN_INFINITE_RECURSION = YES;
				CLANG_WARN_INT_CONVERSION = YES;
				CLANG_WARN_NON_LITERAL_NULL_CONVERSION = YES;
				CLANG_WARN_OBJC_IMPLICIT_RETAIN_SELF = YES;
				CLANG_WARN_OBJC_LITERAL_CONVERSION = YES;
				CLANG_WARN_OBJC_ROOT_CLASS = YES_ERROR;
				CLANG_WARN_QUOTED_INCLUDE_IN_FRAMEWORK_HEADER = YES;
				CLANG_WARN_RANGE_LOOP_ANALYSIS = YES;
				CLANG_WARN_STRICT_PROTOTYPES = YES;
				CLANG_WARN_SUSPICIOUS_MOVE = YES;
				CLANG_WARN_UNGUARDED_AVAILABILITY = YES_AGGRESSIVE;
				CLANG_WARN_UNREACHABLE_CODE = YES;
				CLANG_WARN__DUPLICATE_METHOD_MATCH = YES;
				COPY_PHASE_STRIP = NO;
				DEBUG_INFORMATION_FORMAT = "dwarf-with-dsym";
				ENABLE_NS_ASSERTIONS = NO;
				ENABLE_STRICT_OBJC_MSGSEND = YES;
				ENABLE_USER_SCRIPT_SANDBOXING = YES;
				GCC_C_LANGUAGE_STANDARD = gnu17;
				GCC_NO_COMMON_BLOCKS = YES;
				GCC_WARN_64_TO_32_BIT_CONVERSION = YES;
				GCC_WARN_ABOUT_RETURN_TYPE = YES_ERROR;
				GCC_WARN_UNDECLARED_SELECTOR = YES;
				GCC_WARN_UNINITIALIZED_AUTOS = YES_AGGRESSIVE;
				GCC_WARN_UNUSED_FUNCTION = YES;
				GCC_WARN_UNUSED_VARIABLE = YES;
				LOCALIZATION_PREFERS_STRING_CATALOGS = YES;
				MACOSX_DEPLOYMENT_TARGET = 15.7;
				MTL_ENABLE_DEBUG_INFO = NO;
				MTL_FAST_MATH = YES;
				SDKROOT = macosx;
				SWIFT_COMPILATION_MODE = wholemodule;
			};
			name = Release;
		};
		436FB2C32F462573000DA0A6 /* Debug */ = {
			isa = XCBuildConfiguration;
			buildSettings = {
				CODE_SIGN_STYLE = Automatic;
				CURRENT_PROJECT_VERSION = 1;
				ENABLE_APP_SANDBOX = YES;
				ENABLE_HARDENED_RUNTIME = YES;
				ENABLE_USER_SELECTED_FILES = readonly;
				GENERATE_INFOPLIST_FILE = YES;
				INFOPLIST_FILE = "Competitive Companion Extension/Info.plist";
				INFOPLIST_KEY_CFBundleDisplayName = "Competitive Companion Extension";
				INFOPLIST_KEY_NSHumanReadableCopyright = "";
				LD_RUNPATH_SEARCH_PATHS = (
					"$(inherited)",
					"@executable_path/../Frameworks",
					"@executable_path/../../../../Frameworks",
				);
				MACOSX_DEPLOYMENT_TARGET = 10.14;
				MARKETING_VERSION = 1.0;
				OTHER_LDFLAGS = (
					"-framework",
					SafariServices,
				);
				PRODUCT_BUNDLE_IDENTIFIER = "com.competitive-companion.safari.Extension";
				PRODUCT_NAME = "$(TARGET_NAME)";
				SKIP_INSTALL = YES;
				STRING_CATALOG_GENERATE_SYMBOLS = YES;
				SWIFT_APPROACHABLE_CONCURRENCY = YES;
				SWIFT_EMIT_LOC_STRINGS = YES;
				SWIFT_UPCOMING_FEATURE_MEMBER_IMPORT_VISIBILITY = YES;
				SWIFT_VERSION = 5.0;
			};
			name = Debug;
		};
		436FB2C42F462573000DA0A6 /* Release */ = {
			isa = XCBuildConfiguration;
			buildSettings = {
				CODE_SIGN_STYLE = Automatic;
				CURRENT_PROJECT_VERSION = 1;
				ENABLE_APP_SANDBOX = YES;
				ENABLE_HARDENED_RUNTIME = YES;
				ENABLE_USER_SELECTED_FILES = readonly;
				GENERATE_INFOPLIST_FILE = YES;
				INFOPLIST_FILE = "Competitive Companion Extension/Info.plist";
				INFOPLIST_KEY_CFBundleDisplayName = "Competitive Companion Extension";
				INFOPLIST_KEY_NSHumanReadableCopyright = "";
				LD_RUNPATH_SEARCH_PATHS = (
					"$(inherited)",
					"@executable_path/../Frameworks",
					"@executable_path/../../../../Frameworks",
				);
				MACOSX_DEPLOYMENT_TARGET = 10.14;
				MARKETING_VERSION = 1.0;
				OTHER_LDFLAGS = (
					"-framework",
					SafariServices,
				);
				PRODUCT_BUNDLE_IDENTIFIER = "com.competitive-companion.safari.Extension";
				PRODUCT_NAME = "$(TARGET_NAME)";
				SKIP_INSTALL = YES;
				STRING_CATALOG_GENERATE_SYMBOLS = YES;
				SWIFT_APPROACHABLE_CONCURRENCY = YES;
				SWIFT_EMIT_LOC_STRINGS = YES;
				SWIFT_UPCOMING_FEATURE_MEMBER_IMPORT_VISIBILITY = YES;
				SWIFT_VERSION = 5.0;
			};
			name = Release;
		};
		436FB2C72F462573000DA0A6 /* Debug */ = {
			isa = XCBuildConfiguration;
			buildSettings = {
				ASSETCATALOG_COMPILER_APPICON_NAME = AppIcon;
				ASSETCATALOG_COMPILER_GLOBAL_ACCENT_COLOR_NAME = AccentColor;
				CODE_SIGN_STYLE = Automatic;
				COMBINE_HIDPI_IMAGES = YES;
				CURRENT_PROJECT_VERSION = 1;
				ENABLE_APP_SANDBOX = YES;
				ENABLE_HARDENED_RUNTIME = YES;
				ENABLE_OUTGOING_NETWORK_CONNECTIONS = YES;
				ENABLE_USER_SELECTED_FILES = readonly;
				GENERATE_INFOPLIST_FILE = YES;
				INFOPLIST_FILE = "Competitive Companion/Info.plist";
				INFOPLIST_KEY_CFBundleDisplayName = "Competitive Companion";
				INFOPLIST_KEY_NSHumanReadableCopyright = "";
				INFOPLIST_KEY_NSMainStoryboardFile = Main;
				INFOPLIST_KEY_NSPrincipalClass = NSApplication;
				LD_RUNPATH_SEARCH_PATHS = (
					"$(inherited)",
					"@executable_path/../Frameworks",
				);
				MARKETING_VERSION = 1.0;
				OTHER_LDFLAGS = (
					"-framework",
					SafariServices,
					"-framework",
					WebKit,
				);
				PRODUCT_BUNDLE_IDENTIFIER = "com.competitive-companion.Competitive-Companion";
				PRODUCT_NAME = "$(TARGET_NAME)";
				REGISTER_APP_GROUPS = YES;
				STRING_CATALOG_GENERATE_SYMBOLS = YES;
				SWIFT_APPROACHABLE_CONCURRENCY = YES;
				SWIFT_DEFAULT_ACTOR_ISOLATION = MainActor;
				SWIFT_EMIT_LOC_STRINGS = YES;
				SWIFT_UPCOMING_FEATURE_MEMBER_IMPORT_VISIBILITY = YES;
				SWIFT_VERSION = 5.0;
			};
			name = Debug;
		};
		436FB2C82F462573000DA0A6 /* Release */ = {
			isa = XCBuildConfiguration;
			buildSettings = {
				ASSETCATALOG_COMPILER_APPICON_NAME = AppIcon;
				ASSETCATALOG_COMPILER_GLOBAL_ACCENT_COLOR_NAME = AccentColor;
				CODE_SIGN_STYLE = Automatic;
				COMBINE_HIDPI_IMAGES = YES;
				CURRENT_PROJECT_VERSION = 1;
				ENABLE_APP_SANDBOX = YES;
				ENABLE_HARDENED_RUNTIME = YES;
				ENABLE_OUTGOING_NETWORK_CONNECTIONS = YES;
				ENABLE_USER_SELECTED_FILES = readonly;
				GENERATE_INFOPLIST_FILE = YES;
				INFOPLIST_FILE = "Competitive Companion/Info.plist";
				INFOPLIST_KEY_CFBundleDisplayName = "Competitive Companion";
				INFOPLIST_KEY_NSHumanReadableCopyright = "";
				INFOPLIST_KEY_NSMainStoryboardFile = Main;
				INFOPLIST_KEY_NSPrincipalClass = NSApplication;
				LD_RUNPATH_SEARCH_PATHS = (
					"$(inherited)",
					"@executable_path/../Frameworks",
				);
				MARKETING_VERSION = 1.0;
				OTHER_LDFLAGS = (
					"-framework",
					SafariServices,
					"-framework",
					WebKit,
				);
				PRODUCT_BUNDLE_IDENTIFIER = "com.competitive-companion.Competitive-Companion";
				PRODUCT_NAME = "$(TARGET_NAME)";
				REGISTER_APP_GROUPS = YES;
				STRING_CATALOG_GENERATE_SYMBOLS = YES;
				SWIFT_APPROACHABLE_CONCURRENCY = YES;
				SWIFT_DEFAULT_ACTOR_ISOLATION = MainActor;
				SWIFT_EMIT_LOC_STRINGS = YES;
				SWIFT_UPCOMING_FEATURE_MEMBER_IMPORT_VISIBILITY = YES;
				SWIFT_VERSION = 5.0;
			};
			name = Release;
		};
/* End XCBuildConfiguration section */

/* Begin XCConfigurationList section */
		436FB2982F462570000DA0A6 /* Build configuration list for PBXProject "Competitive Companion" */ = {
			isa = XCConfigurationList;
			buildConfigurations = (
				436FB2C02F462573000DA0A6 /* Debug */,
				436FB2C12F462573000DA0A6 /* Release */,
			);
			defaultConfigurationIsVisible = 0;
			defaultConfigurationName = Release;
		};
		436FB2C22F462573000DA0A6 /* Build configuration list for PBXNativeTarget "Competitive Companion Extension" */ = {
			isa = XCConfigurationList;
			buildConfigurations = (
				436FB2C32F462573000DA0A6 /* Debug */,
				436FB2C42F462573000DA0A6 /* Release */,
			);
			defaultConfigurationIsVisible = 0;
			defaultConfigurationName = Release;
		};
		436FB2C62F462573000DA0A6 /* Build configuration list for PBXNativeTarget "Competitive Companion" */ = {
			isa = XCConfigurationList;
			buildConfigurations = (
				436FB2C72F462573000DA0A6 /* Debug */,
				436FB2C82F462573000DA0A6 /* Release */,
			);
			defaultConfigurationIsVisible = 0;
			defaultConfigurationName = Release;
		};
/* End XCConfigurationList section */
	};
	rootObject = 436FB2952F462570000DA0A6 /* Project object */;
}
